
Microsoft Visual Studio Solution File, Format Version 12.00
# Visual Studio Version 17
VisualStudioVersion = 17.10.35027.167
MinimumVisualStudioVersion = 10.0.40219.1
Project("{FAE04EC0-301F-11D3-BF4B-00C04F79EFBC}") = "WpfApp1", "WpfApp1\WpfApp1.csproj", "{880E1477-9A07-4022-933A-C7E4C1DF4E50}"
EndProject
Global
	GlobalSection(SolutionConfigurationPlatforms) = preSolution
		Debug|Any CPU = Debug|Any CPU
		Release|Any CPU = Release|Any CPU
	EndGlobalSection
	GlobalSection(ProjectConfigurationPlatforms) = postSolution
		{880E1477-9A07-4022-933A-C7E4C1DF4E50}.Debug|Any CPU.ActiveCfg = Debug|Any CPU
		{880E1477-9A07-4022-933A-C7E4C1DF4E50}.Debug|Any CPU.Build.0 = Debug|Any CPU
		{880E1477-9A07-4022-933A-C7E4C1DF4E50}.Release|Any CPU.ActiveCfg = Release|Any CPU
		{880E1477-9A07-4022-933A-C7E4C1DF4E50}.Release|Any CPU.Build.0 = Release|Any CPU
	EndGlobalSection
	GlobalSection(SolutionProperties) = preSolution
		HideSolutionNode = FALSE
	EndGlobalSection
	GlobalSection(ExtensibilityGlobals) = postSolution
		SolutionGuid = {DFFD324F-62FD-4AE5-883B-100A46E98399}
	EndGlobalSection
EndGlobal
